
Microsoft Visual Studio Solution File, Format Version 12.00
# Visual Studio Version 17
VisualStudioVersion = 17.6.33829.357
MinimumVisualStudioVersion = 10.0.40219.1
Project("{FAE04EC0-301F-11D3-BF4B-00C04F79EFBC}") = "SuperHeroAPI", "SuperHeroAPI\SuperHeroAPI.csproj", "{52C0F035-8421-498F-8D3E-189F1E567EB5}"
EndProject
Global
	GlobalSection(SolutionConfigurationPlatforms) = preSolution
		Debug|Any CPU = Debug|Any CPU
		Release|Any CPU = Release|Any CPU
	EndGlobalSection
	GlobalSection(ProjectConfigurationPlatforms) = postSolution
		{52C0F035-8421-498F-8D3E-189F1E567EB5}.Debug|Any CPU.ActiveCfg = Debug|Any CPU
		{52C0F035-8421-498F-8D3E-189F1E567EB5}.Debug|Any CPU.Build.0 = Debug|Any CPU
		{52C0F035-8421-498F-8D3E-189F1E567EB5}.Release|Any CPU.ActiveCfg = Release|Any CPU
		{52C0F035-8421-498F-8D3E-189F1E567EB5}.Release|Any CPU.Build.0 = Release|Any CPU
	EndGlobalSection
	GlobalSection(SolutionProperties) = preSolution
		HideSolutionNode = FALSE
	EndGlobalSection
	GlobalSection(ExtensibilityGlobals) = postSolution
		SolutionGuid = {574616B0-ADFB-4A28-8534-6704951F7423}
	EndGlobalSection
EndGlobal
